// !$*UTF8*$!
{
	archiveVersion = 1;
	classes = {
	};
	objectVersion = 50;
	objects = {

/* Begin PBXBuildFile section */
		1617A68621673C7F00D633E8 /* FBSDKCoreKit.framework in Frameworks */ = {isa = PBXBuildFile; fileRef = 1617A68421673C7F00D633E8 /* FBSDKCoreKit.framework */; };
		1617A68721673C7F00D633E8 /* FBSDKLoginKit.framework in Frameworks */ = {isa = PBXBuildFile; fileRef = 1617A68521673C7F00D633E8 /* FBSDKLoginKit.framework */; };
		1617A68A216740D600D633E8 /* OAuthFacebook.m in Sources */ = {isa = PBXBuildFile; fileRef = 1617A689216740D600D633E8 /* OAuthFacebook.m */; };
		169411F02151D1B600CA7EE0 /* MainViewController.m in Sources */ = {isa = PBXBuildFile; fileRef = 169411EF2151D1B600CA7EE0 /* MainViewController.m */; };
		169411F32151E12100CA7EE0 /* OAuthNaver.m in Sources */ = {isa = PBXBuildFile; fileRef = 169411F22151E12100CA7EE0 /* OAuthNaver.m */; };
		169411F72151EC2900CA7EE0 /* IndicatorView.m in Sources */ = {isa = PBXBuildFile; fileRef = 169411F62151EC2900CA7EE0 /* IndicatorView.m */; };
		169411FF215204FE00CA7EE0 /* SVProgressHUD.m in Sources */ = {isa = PBXBuildFile; fileRef = 169411FC215204FE00CA7EE0 /* SVProgressHUD.m */; };
		16941200215204FE00CA7EE0 /* SVIndefiniteAnimatedView.m in Sources */ = {isa = PBXBuildFile; fileRef = 169411FD215204FE00CA7EE0 /* SVIndefiniteAnimatedView.m */; };
		16941201215204FE00CA7EE0 /* SVProgressHUD.bundle in Resources */ = {isa = PBXBuildFile; fileRef = 169411FE215204FE00CA7EE0 /* SVProgressHUD.bundle */; };
		169412042152062F00CA7EE0 /* UIImage+GIF.m in Sources */ = {isa = PBXBuildFile; fileRef = 169412032152062F00CA7EE0 /* UIImage+GIF.m */; };
		16B90FDD2165A10F004CC253 /* OAuthKakao.m in Sources */ = {isa = PBXBuildFile; fileRef = 16B90FDC2165A10F004CC253 /* OAuthKakao.m */; };
		16C405A92255D5FB0026A77C /* OAuthBase.m in Sources */ = {isa = PBXBuildFile; fileRef = 16C405A82255D5FB0026A77C /* OAuthBase.m */; };
		16C9F5E7216ADE8000332B1D /* Bolts.framework in Frameworks */ = {isa = PBXBuildFile; fileRef = 16C9F5E5216ADE4200332B1D /* Bolts.framework */; };
		16C9F5E8216ADE8200332B1D /* GoogleSignIn.bundle in Resources */ = {isa = PBXBuildFile; fileRef = 16C9F5E3216ADDC200332B1D /* GoogleSignIn.bundle */; };
		16C9F5E9216ADE8500332B1D /* GoogleSignInDependencies.framework in Frameworks */ = {isa = PBXBuildFile; fileRef = 16C9F5DD216ADD5400332B1D /* GoogleSignInDependencies.framework */; };
		16C9F5EA216ADE8800332B1D /* GoogleSignIn.framework in Frameworks */ = {isa = PBXBuildFile; fileRef = 16C9F5DE216ADD5400332B1D /* GoogleSignIn.framework */; };
		16C9F5EC216AE18400332B1D /* LocalAuthentication.framework in Frameworks */ = {isa = PBXBuildFile; fileRef = 16C9F5EB216AE18400332B1D /* LocalAuthentication.framework */; };
		16C9F5EE216AE18C00332B1D /* SafariServices.framework in Frameworks */ = {isa = PBXBuildFile; fileRef = 16C9F5ED216AE18C00332B1D /* SafariServices.framework */; };
		16C9F5F0216AE19300332B1D /* SystemConfiguration.framework in Frameworks */ = {isa = PBXBuildFile; fileRef = 16C9F5EF216AE19300332B1D /* SystemConfiguration.framework */; };
		16C9F5F3216AEE4600332B1D /* OAuthGoogle.m in Sources */ = {isa = PBXBuildFile; fileRef = 16C9F5F2216AEE4600332B1D /* OAuthGoogle.m */; };
		16CC7AAF2153362A00C1305A /* NaverThirdPartyLogin.framework in Frameworks */ = {isa = PBXBuildFile; fileRef = 16CF04382149FD86007631B2 /* NaverThirdPartyLogin.framework */; };
		16CC7AB02153363200C1305A /* KakaoOpenSDK.framework in Frameworks */ = {isa = PBXBuildFile; fileRef = 16CC7AAA2153351000C1305A /* KakaoOpenSDK.framework */; };
		16CC7AB12153363200C1305A /* KakaoOpenSDK.framework in Embed Frameworks */ = {isa = PBXBuildFile; fileRef = 16CC7AAA2153351000C1305A /* KakaoOpenSDK.framework */; settings = {ATTRIBUTES = (CodeSignOnCopy, RemoveHeadersOnCopy, ); }; };
		16CF043B214A1861007631B2 /* NaverThirdPartyLogin.framework in Embed Frameworks */ = {isa = PBXBuildFile; fileRef = 16CF04382149FD86007631B2 /* NaverThirdPartyLogin.framework */; settings = {ATTRIBUTES = (CodeSignOnCopy, RemoveHeadersOnCopy, ); }; };
		16CF0441214A2DB5007631B2 /* OAuthManager.m in Sources */ = {isa = PBXBuildFile; fileRef = 16CF0440214A2DB5007631B2 /* OAuthManager.m */; };
		16CF0444214A3EC2007631B2 /* UserProfileViewController.m in Sources */ = {isa = PBXBuildFile; fileRef = 16CF0443214A3EC2007631B2 /* UserProfileViewController.m */; };
		16FC51DA2148A84200219255 /* AppDelegate.m in Sources */ = {isa = PBXBuildFile; fileRef = 16FC51D92148A84200219255 /* AppDelegate.m */; };
		16FC51DD2148A84200219255 /* LoginViewController.m in Sources */ = {isa = PBXBuildFile; fileRef = 16FC51DC2148A84200219255 /* LoginViewController.m */; };
		16FC51E02148A84200219255 /* Main.storyboard in Resources */ = {isa = PBXBuildFile; fileRef = 16FC51DE2148A84200219255 /* Main.storyboard */; };
		16FC51E32148A84200219255 /* LoginModuleApp.xcdatamodeld in Sources */ = {isa = PBXBuildFile; fileRef = 16FC51E12148A84200219255 /* LoginModuleApp.xcdatamodeld */; };
		16FC51E52148A84600219255 /* Assets.xcassets in Resources */ = {isa = PBXBuildFile; fileRef = 16FC51E42148A84600219255 /* Assets.xcassets */; };
		16FC51E82148A84600219255 /* LaunchScreen.storyboard in Resources */ = {isa = PBXBuildFile; fileRef = 16FC51E62148A84600219255 /* LaunchScreen.storyboard */; };
		16FC51EB2148A84600219255 /* main.m in Sources */ = {isa = PBXBuildFile; fileRef = 16FC51EA2148A84600219255 /* main.m */; };
		16FC51F52148A84600219255 /* LoginModuleAppTests.m in Sources */ = {isa = PBXBuildFile; fileRef = 16FC51F42148A84600219255 /* LoginModuleAppTests.m */; };
/* End PBXBuildFile section */

/* Begin PBXContainerItemProxy section */
		16FC51F12148A84600219255 /* PBXContainerItemProxy */ = {
			isa = PBXContainerItemProxy;
			containerPortal = 16FC51CD2148A84200219255 /* Project object */;
			proxyType = 1;
			remoteGlobalIDString = 16FC51D42148A84200219255;
			remoteInfo = LoginModuleApp;
		};
/* End PBXContainerItemProxy section */

/* Begin PBXCopyFilesBuildPhase section */
		16CF043C214A1861007631B2 /* Embed Frameworks */ = {
			isa = PBXCopyFilesBuildPhase;
			buildActionMask = 2147483647;
			dstPath = "";
			dstSubfolderSpec = 10;
			files = (
				16CF043B214A1861007631B2 /* NaverThirdPartyLogin.framework in Embed Frameworks */,
				16CC7AB12153363200C1305A /* KakaoOpenSDK.framework in Embed Frameworks */,
			);
			name = "Embed Frameworks";
			runOnlyForDeploymentPostprocessing = 0;
		};
/* End PBXCopyFilesBuildPhase section */

/* Begin PBXFileReference section */
		1617A68421673C7F00D633E8 /* FBSDKCoreKit.framework */ = {isa = PBXFileReference; lastKnownFileType = wrapper.framework; path = FBSDKCoreKit.framework; sourceTree = "<group>"; };
		1617A68521673C7F00D633E8 /* FBSDKLoginKit.framework */ = {isa = PBXFileReference; lastKnownFileType = wrapper.framework; path = FBSDKLoginKit.framework; sourceTree = "<group>"; };
		1617A688216740D600D633E8 /* OAuthFacebook.h */ = {isa = PBXFileReference; lastKnownFileType = sourcecode.c.h; path = OAuthFacebook.h; sourceTree = "<group>"; };
		1617A689216740D600D633E8 /* OAuthFacebook.m */ = {isa = PBXFileReference; lastKnownFileType = sourcecode.c.objc; path = OAuthFacebook.m; sourceTree = "<group>"; };
		1664B1F122546BFA00FDE016 /* OAuthBase.h */ = {isa = PBXFileReference; lastKnownFileType = sourcecode.c.h; path = OAuthBase.h; sourceTree = "<group>"; };
		169411EE2151D1B600CA7EE0 /* MainViewController.h */ = {isa = PBXFileReference; lastKnownFileType = sourcecode.c.h; path = MainViewController.h; sourceTree = "<group>"; };
		169411EF2151D1B600CA7EE0 /* MainViewController.m */ = {isa = PBXFileReference; lastKnownFileType = sourcecode.c.objc; path = MainViewController.m; sourceTree = "<group>"; };
		169411F12151E12100CA7EE0 /* OAuthNaver.h */ = {isa = PBXFileReference; lastKnownFileType = sourcecode.c.h; path = OAuthNaver.h; sourceTree = "<group>"; };
		169411F22151E12100CA7EE0 /* OAuthNaver.m */ = {isa = PBXFileReference; lastKnownFileType = sourcecode.c.objc; path = OAuthNaver.m; sourceTree = "<group>"; };
		169411F52151EC2900CA7EE0 /* IndicatorView.h */ = {isa = PBXFileReference; lastKnownFileType = sourcecode.c.h; path = IndicatorView.h; sourceTree = "<group>"; };
		169411F62151EC2900CA7EE0 /* IndicatorView.m */ = {isa = PBXFileReference; lastKnownFileType = sourcecode.c.objc; path = IndicatorView.m; sourceTree = "<group>"; };
		169411F9215204FE00CA7EE0 /* SVIndefiniteAnimatedView.h */ = {isa = PBXFileReference; fileEncoding = 4; lastKnownFileType = sourcecode.c.h; path = SVIndefiniteAnimatedView.h; sourceTree = "<group>"; };
		169411FA215204FE00CA7EE0 /* SVProgressHUD.h */ = {isa = PBXFileReference; fileEncoding = 4; lastKnownFileType = sourcecode.c.h; path = SVProgressHUD.h; sourceTree = "<group>"; };
		169411FB215204FE00CA7EE0 /* SVProgressHUD-Prefix.pch */ = {isa = PBXFileReference; fileEncoding = 4; lastKnownFileType = sourcecode.c.h; path = "SVProgressHUD-Prefix.pch"; sourceTree = "<group>"; };
		169411FC215204FE00CA7EE0 /* SVProgressHUD.m */ = {isa = PBXFileReference; fileEncoding = 4; lastKnownFileType = sourcecode.c.objc; path = SVProgressHUD.m; sourceTree = "<group>"; };
		169411FD215204FE00CA7EE0 /* SVIndefiniteAnimatedView.m */ = {isa = PBXFileReference; fileEncoding = 4; lastKnownFileType = sourcecode.c.objc; path = SVIndefiniteAnimatedView.m; sourceTree = "<group>"; };
		169411FE215204FE00CA7EE0 /* SVProgressHUD.bundle */ = {isa = PBXFileReference; lastKnownFileType = "wrapper.plug-in"; path = SVProgressHUD.bundle; sourceTree = "<group>"; };
		169412022152062F00CA7EE0 /* UIImage+GIF.h */ = {isa = PBXFileReference; fileEncoding = 4; lastKnownFileType = sourcecode.c.h; path = "UIImage+GIF.h"; sourceTree = "<group>"; };
		169412032152062F00CA7EE0 /* UIImage+GIF.m */ = {isa = PBXFileReference; fileEncoding = 4; lastKnownFileType = sourcecode.c.objc; path = "UIImage+GIF.m"; sourceTree = "<group>"; };
		16B90FDB2165A10F004CC253 /* OAuthKakao.h */ = {isa = PBXFileReference; lastKnownFileType = sourcecode.c.h; path = OAuthKakao.h; sourceTree = "<group>"; };
		16B90FDC2165A10F004CC253 /* OAuthKakao.m */ = {isa = PBXFileReference; lastKnownFileType = sourcecode.c.objc; path = OAuthKakao.m; sourceTree = "<group>"; };
		16C405A82255D5FB0026A77C /* OAuthBase.m */ = {isa = PBXFileReference; fileEncoding = 4; lastKnownFileType = sourcecode.c.objc; path = OAuthBase.m; sourceTree = "<group>"; };
		16C405AA2255E3B40026A77C /* OAuthAPI.h */ = {isa = PBXFileReference; lastKnownFileType = sourcecode.c.h; path = OAuthAPI.h; sourceTree = "<group>"; };
		16C9F5DD216ADD5400332B1D /* GoogleSignInDependencies.framework */ = {isa = PBXFileReference; lastKnownFileType = wrapper.framework; path = GoogleSignInDependencies.framework; sourceTree = "<group>"; };
		16C9F5DE216ADD5400332B1D /* GoogleSignIn.framework */ = {isa = PBXFileReference; lastKnownFileType = wrapper.framework; path = GoogleSignIn.framework; sourceTree = "<group>"; };
		16C9F5E3216ADDC200332B1D /* GoogleSignIn.bundle */ = {isa = PBXFileReference; lastKnownFileType = "wrapper.plug-in"; path = GoogleSignIn.bundle; sourceTree = "<group>"; };
		16C9F5E5216ADE4200332B1D /* Bolts.framework */ = {isa = PBXFileReference; lastKnownFileType = wrapper.framework; path = Bolts.framework; sourceTree = "<group>"; };
		16C9F5EB216AE18400332B1D /* LocalAuthentication.framework */ = {isa = PBXFileReference; lastKnownFileType = wrapper.framework; name = LocalAuthentication.framework; path = System/Library/Frameworks/LocalAuthentication.framework; sourceTree = SDKROOT; };
		16C9F5ED216AE18C00332B1D /* SafariServices.framework */ = {isa = PBXFileReference; lastKnownFileType = wrapper.framework; name = SafariServices.framework; path = System/Library/Frameworks/SafariServices.framework; sourceTree = SDKROOT; };
		16C9F5EF216AE19300332B1D /* SystemConfiguration.framework */ = {isa = PBXFileReference; lastKnownFileType = wrapper.framework; name = SystemConfiguration.framework; path = System/Library/Frameworks/SystemConfiguration.framework; sourceTree = SDKROOT; };
		16C9F5F1216AEE4600332B1D /* OAuthGoogle.h */ = {isa = PBXFileReference; lastKnownFileType = sourcecode.c.h; path = OAuthGoogle.h; sourceTree = "<group>"; };
		16C9F5F2216AEE4600332B1D /* OAuthGoogle.m */ = {isa = PBXFileReference; lastKnownFileType = sourcecode.c.objc; path = OAuthGoogle.m; sourceTree = "<group>"; };
		16CC7AAA2153351000C1305A /* KakaoOpenSDK.framework */ = {isa = PBXFileReference; lastKnownFileType = wrapper.framework; path = KakaoOpenSDK.framework; sourceTree = "<group>"; };
		16CF04382149FD86007631B2 /* NaverThirdPartyLogin.framework */ = {isa = PBXFileReference; lastKnownFileType = wrapper.framework; path = NaverThirdPartyLogin.framework; sourceTree = "<group>"; };
		16CF043F214A2DB5007631B2 /* OAuthManager.h */ = {isa = PBXFileReference; lastKnownFileType = sourcecode.c.h; path = OAuthManager.h; sourceTree = "<group>"; };
		16CF0440214A2DB5007631B2 /* OAuthManager.m */ = {isa = PBXFileReference; lastKnownFileType = sourcecode.c.objc; path = OAuthManager.m; sourceTree = "<group>"; };
		16CF0442214A3EC2007631B2 /* UserProfileViewController.h */ = {isa = PBXFileReference; lastKnownFileType = sourcecode.c.h; path = UserProfileViewController.h; sourceTree = "<group>"; };
		16CF0443214A3EC2007631B2 /* UserProfileViewController.m */ = {isa = PBXFileReference; lastKnownFileType = sourcecode.c.objc; path = UserProfileViewController.m; sourceTree = "<group>"; };
		16FC51D52148A84200219255 /* LoginModuleApp.app */ = {isa = PBXFileReference; explicitFileType = wrapper.application; includeInIndex = 0; path = LoginModuleApp.app; sourceTree = BUILT_PRODUCTS_DIR; };
		16FC51D82148A84200219255 /* AppDelegate.h */ = {isa = PBXFileReference; lastKnownFileType = sourcecode.c.h; path = AppDelegate.h; sourceTree = "<group>"; };
		16FC51D92148A84200219255 /* AppDelegate.m */ = {isa = PBXFileReference; lastKnownFileType = sourcecode.c.objc; path = AppDelegate.m; sourceTree = "<group>"; };
		16FC51DB2148A84200219255 /* LoginViewController.h */ = {isa = PBXFileReference; lastKnownFileType = sourcecode.c.h; path = LoginViewController.h; sourceTree = "<group>"; };
		16FC51DC2148A84200219255 /* LoginViewController.m */ = {isa = PBXFileReference; lastKnownFileType = sourcecode.c.objc; path = LoginViewController.m; sourceTree = "<group>"; };
		16FC51DF2148A84200219255 /* Base */ = {isa = PBXFileReference; lastKnownFileType = file.storyboard; name = Base; path = Base.lproj/Main.storyboard; sourceTree = "<group>"; };
		16FC51E22148A84200219255 /* LoginModuleApp.xcdatamodel */ = {isa = PBXFileReference; lastKnownFileType = wrapper.xcdatamodel; path = LoginModuleApp.xcdatamodel; sourceTree = "<group>"; };
		16FC51E42148A84600219255 /* Assets.xcassets */ = {isa = PBXFileReference; lastKnownFileType = folder.assetcatalog; path = Assets.xcassets; sourceTree = "<group>"; };
		16FC51E72148A84600219255 /* Base */ = {isa = PBXFileReference; lastKnownFileType = file.storyboard; name = Base; path = Base.lproj/LaunchScreen.storyboard; sourceTree = "<group>"; };
		16FC51E92148A84600219255 /* Info.plist */ = {isa = PBXFileReference; lastKnownFileType = text.plist.xml; path = Info.plist; sourceTree = "<group>"; };
		16FC51EA2148A84600219255 /* main.m */ = {isa = PBXFileReference; lastKnownFileType = sourcecode.c.objc; path = main.m; sourceTree = "<group>"; };
		16FC51F02148A84600219255 /* LoginModuleAppTests.xctest */ = {isa = PBXFileReference; explicitFileType = wrapper.cfbundle; includeInIndex = 0; path = LoginModuleAppTests.xctest; sourceTree = BUILT_PRODUCTS_DIR; };
		16FC51F42148A84600219255 /* LoginModuleAppTests.m */ = {isa = PBXFileReference; lastKnownFileType = sourcecode.c.objc; path = LoginModuleAppTests.m; sourceTree = "<group>"; };
		16FC51F62148A84600219255 /* Info.plist */ = {isa = PBXFileReference; lastKnownFileType = text.plist.xml; path = Info.plist; sourceTree = "<group>"; };
/* End PBXFileReference section */

/* Begin PBXFrameworksBuildPhase section */
		16FC51D22148A84200219255 /* Frameworks */ = {
			isa = PBXFrameworksBuildPhase;
			buildActionMask = 2147483647;
			files = (
				16C9F5F0216AE19300332B1D /* SystemConfiguration.framework in Frameworks */,
				16C9F5EE216AE18C00332B1D /* SafariServices.framework in Frameworks */,
				16C9F5EC216AE18400332B1D /* LocalAuthentication.framework in Frameworks */,
				16C9F5EA216ADE8800332B1D /* GoogleSignIn.framework in Frameworks */,
				16CC7AAF2153362A00C1305A /* NaverThirdPartyLogin.framework in Frameworks */,
				16C9F5E9216ADE8500332B1D /* GoogleSignInDependencies.framework in Frameworks */,
				1617A68621673C7F00D633E8 /* FBSDKCoreKit.framework in Frameworks */,
				1617A68721673C7F00D633E8 /* FBSDKLoginKit.framework in Frameworks */,
				16CC7AB02153363200C1305A /* KakaoOpenSDK.framework in Frameworks */,
				16C9F5E7216ADE8000332B1D /* Bolts.framework in Frameworks */,
			);
			runOnlyForDeploymentPostprocessing = 0;
		};
		16FC51ED2148A84600219255 /* Frameworks */ = {
			isa = PBXFrameworksBuildPhase;
			buildActionMask = 2147483647;
			files = (
			);
			runOnlyForDeploymentPostprocessing = 0;
		};
/* End PBXFrameworksBuildPhase section */

/* Begin PBXGroup section */
		1664B1E922544BEF00FDE016 /* Facebook */ = {
			isa = PBXGroup;
			children = (
				1617A688216740D600D633E8 /* OAuthFacebook.h */,
				1617A689216740D600D633E8 /* OAuthFacebook.m */,
			);
			path = Facebook;
			sourceTree = "<group>";
		};
		1664B1EA22544BF700FDE016 /* Kakao */ = {
			isa = PBXGroup;
			children = (
				16B90FDB2165A10F004CC253 /* OAuthKakao.h */,
				16B90FDC2165A10F004CC253 /* OAuthKakao.m */,
			);
			path = Kakao;
			sourceTree = "<group>";
		};
		1664B1EB22544BFB00FDE016 /* Google */ = {
			isa = PBXGroup;
			children = (
				16C9F5F1216AEE4600332B1D /* OAuthGoogle.h */,
				16C9F5F2216AEE4600332B1D /* OAuthGoogle.m */,
			);
			path = Google;
			sourceTree = "<group>";
		};
		1664B1EC22544C0000FDE016 /* Naver */ = {
			isa = PBXGroup;
			children = (
				169411F12151E12100CA7EE0 /* OAuthNaver.h */,
				169411F22151E12100CA7EE0 /* OAuthNaver.m */,
			);
			path = Naver;
			sourceTree = "<group>";
		};
		169411EB2151D18800CA7EE0 /* Login */ = {
			isa = PBXGroup;
			children = (
				16FC51DB2148A84200219255 /* LoginViewController.h */,
				16FC51DC2148A84200219255 /* LoginViewController.m */,
			);
			path = Login;
			sourceTree = "<group>";
		};
		169411EC2151D18D00CA7EE0 /* UserProfile */ = {
			isa = PBXGroup;
			children = (
				16CF0442214A3EC2007631B2 /* UserProfileViewController.h */,
				16CF0443214A3EC2007631B2 /* UserProfileViewController.m */,
			);
			path = UserProfile;
			sourceTree = "<group>";
		};
		169411ED2151D1A500CA7EE0 /* Main */ = {
			isa = PBXGroup;
			children = (
				169411EE2151D1B600CA7EE0 /* MainViewController.h */,
				169411EF2151D1B600CA7EE0 /* MainViewController.m */,
			);
			path = Main;
			sourceTree = "<group>";
		};
		169411F42151EC0C00CA7EE0 /* IndicatorView */ = {
			isa = PBXGroup;
			children = (
				169411F52151EC2900CA7EE0 /* IndicatorView.h */,
				169411F62151EC2900CA7EE0 /* IndicatorView.m */,
			);
			path = IndicatorView;
			sourceTree = "<group>";
		};
		169411F8215204FE00CA7EE0 /* SVProgressHUD */ = {
			isa = PBXGroup;
			children = (
				169412022152062F00CA7EE0 /* UIImage+GIF.h */,
				169412032152062F00CA7EE0 /* UIImage+GIF.m */,
				169411F9215204FE00CA7EE0 /* SVIndefiniteAnimatedView.h */,
				169411FA215204FE00CA7EE0 /* SVProgressHUD.h */,
				169411FB215204FE00CA7EE0 /* SVProgressHUD-Prefix.pch */,
				169411FC215204FE00CA7EE0 /* SVProgressHUD.m */,
				169411FD215204FE00CA7EE0 /* SVIndefiniteAnimatedView.m */,
				169411FE215204FE00CA7EE0 /* SVProgressHUD.bundle */,
			);
			path = SVProgressHUD;
			sourceTree = "<group>";
		};
		16C405862254A54D0026A77C /* OAuthBase */ = {
			isa = PBXGroup;
			children = (
				1664B1F122546BFA00FDE016 /* OAuthBase.h */,
				16C405A82255D5FB0026A77C /* OAuthBase.m */,
			);
			path = OAuthBase;
			sourceTree = "<group>";
		};
		16CC7AAE2153362A00C1305A /* Frameworks */ = {
			isa = PBXGroup;
			children = (
				16C9F5EF216AE19300332B1D /* SystemConfiguration.framework */,
				16C9F5ED216AE18C00332B1D /* SafariServices.framework */,
				16C9F5EB216AE18400332B1D /* LocalAuthentication.framework */,
			);
			name = Frameworks;
			sourceTree = "<group>";
		};
		16CF043D214A2D8F007631B2 /* OAuth */ = {
			isa = PBXGroup;
			children = (
				16C405862254A54D0026A77C /* OAuthBase */,
				1664B1EC22544C0000FDE016 /* Naver */,
				1664B1EB22544BFB00FDE016 /* Google */,
				1664B1EA22544BF700FDE016 /* Kakao */,
				1664B1E922544BEF00FDE016 /* Facebook */,
				16CF043F214A2DB5007631B2 /* OAuthManager.h */,
				16CF0440214A2DB5007631B2 /* OAuthManager.m */,
				16C405AA2255E3B40026A77C /* OAuthAPI.h */,
			);
			path = OAuth;
			sourceTree = "<group>";
		};
		16FC51CC2148A84200219255 = {
			isa = PBXGroup;
			children = (
				16FC51D72148A84200219255 /* LoginModuleApp */,
				16FC51F32148A84600219255 /* LoginModuleAppTests */,
				16FC51D62148A84200219255 /* Products */,
				16CC7AAE2153362A00C1305A /* Frameworks */,
			);
			sourceTree = "<group>";
		};
		16FC51D62148A84200219255 /* Products */ = {
			isa = PBXGroup;
			children = (
				16FC51D52148A84200219255 /* LoginModuleApp.app */,
				16FC51F02148A84600219255 /* LoginModuleAppTests.xctest */,
			);
			name = Products;
			sourceTree = "<group>";
		};
		16FC51D72148A84200219255 /* LoginModuleApp */ = {
			isa = PBXGroup;
			children = (
				16CF043D214A2D8F007631B2 /* OAuth */,
				16FC52032148A89300219255 /* StoryBoard */,
				16FC51FF2148A85900219255 /* ViewController */,
				16FC51D82148A84200219255 /* AppDelegate.h */,
				16FC51D92148A84200219255 /* AppDelegate.m */,
				16FC51E42148A84600219255 /* Assets.xcassets */,
				16FC51E62148A84600219255 /* LaunchScreen.storyboard */,
				16FC52002148A85E00219255 /* Util */,
				16FC52022148A87400219255 /* Libray */,
				16FC52042148A89B00219255 /* Supporting Files */,
				16FC52012148A86300219255 /* Frameworks */,
			);
			path = LoginModuleApp;
			sourceTree = "<group>";
		};
		16FC51F32148A84600219255 /* LoginModuleAppTests */ = {
			isa = PBXGroup;
			children = (
				16FC51F42148A84600219255 /* LoginModuleAppTests.m */,
				16FC51F62148A84600219255 /* Info.plist */,
			);
			path = LoginModuleAppTests;
			sourceTree = "<group>";
		};
		16FC51FF2148A85900219255 /* ViewController */ = {
			isa = PBXGroup;
			children = (
				169411ED2151D1A500CA7EE0 /* Main */,
				169411EB2151D18800CA7EE0 /* Login */,
				169411EC2151D18D00CA7EE0 /* UserProfile */,
			);
			path = ViewController;
			sourceTree = "<group>";
		};
		16FC52002148A85E00219255 /* Util */ = {
			isa = PBXGroup;
			children = (
				169411F42151EC0C00CA7EE0 /* IndicatorView */,
			);
			path = Util;
			sourceTree = "<group>";
		};
		16FC52012148A86300219255 /* Frameworks */ = {
			isa = PBXGroup;
			children = (
				16C9F5E5216ADE4200332B1D /* Bolts.framework */,
				16C9F5E3216ADDC200332B1D /* GoogleSignIn.bundle */,
				16C9F5DE216ADD5400332B1D /* GoogleSignIn.framework */,
				16C9F5DD216ADD5400332B1D /* GoogleSignInDependencies.framework */,
				1617A68421673C7F00D633E8 /* FBSDKCoreKit.framework */,
				1617A68521673C7F00D633E8 /* FBSDKLoginKit.framework */,
				16CC7AAA2153351000C1305A /* KakaoOpenSDK.framework */,
				16CF04382149FD86007631B2 /* NaverThirdPartyLogin.framework */,
			);
			path = Frameworks;
			sourceTree = "<group>";
		};
		16FC52022148A87400219255 /* Libray */ = {
			isa = PBXGroup;
			children = (
				169411F8215204FE00CA7EE0 /* SVProgressHUD */,
			);
			path = Libray;
			sourceTree = "<group>";
		};
		16FC52032148A89300219255 /* StoryBoard */ = {
			isa = PBXGroup;
			children = (
				16FC51DE2148A84200219255 /* Main.storyboard */,
			);
			path = StoryBoard;
			sourceTree = "<group>";
		};
		16FC52042148A89B00219255 /* Supporting Files */ = {
			isa = PBXGroup;
			children = (
				16FC51E92148A84600219255 /* Info.plist */,
				16FC51EA2148A84600219255 /* main.m */,
				16FC51E12148A84200219255 /* LoginModuleApp.xcdatamodeld */,
			);
			path = "Supporting Files";
			sourceTree = "<group>";
		};
/* End PBXGroup section */

/* Begin PBXNativeTarget section */
		16FC51D42148A84200219255 /* LoginModuleApp */ = {
			isa = PBXNativeTarget;
			buildConfigurationList = 16FC51F92148A84600219255 /* Build configuration list for PBXNativeTarget "LoginModuleApp" */;
			buildPhases = (
				16FC51D12148A84200219255 /* Sources */,
				16FC51D22148A84200219255 /* Frameworks */,
				16FC51D32148A84200219255 /* Resources */,
				16CF043C214A1861007631B2 /* Embed Frameworks */,
			);
			buildRules = (
			);
			dependencies = (
			);
			name = LoginModuleApp;
			productName = LoginModuleApp;
			productReference = 16FC51D52148A84200219255 /* LoginModuleApp.app */;
			productType = "com.apple.product-type.application";
		};
		16FC51EF2148A84600219255 /* LoginModuleAppTests */ = {
			isa = PBXNativeTarget;
			buildConfigurationList = 16FC51FC2148A84600219255 /* Build configuration list for PBXNativeTarget "LoginModuleAppTests" */;
			buildPhases = (
				16FC51EC2148A84600219255 /* Sources */,
				16FC51ED2148A84600219255 /* Frameworks */,
				16FC51EE2148A84600219255 /* Resources */,
			);
			buildRules = (
			);
			dependencies = (
				16FC51F22148A84600219255 /* PBXTargetDependency */,
			);
			name = LoginModuleAppTests;
			productName = LoginModuleAppTests;
			productReference = 16FC51F02148A84600219255 /* LoginModuleAppTests.xctest */;
			productType = "com.apple.product-type.bundle.unit-test";
		};
/* End PBXNativeTarget section */

/* Begin PBXProject section */
		16FC51CD2148A84200219255 /* Project object */ = {
			isa = PBXProject;
			attributes = {
				LastUpgradeCheck = 0940;
				ORGANIZATIONNAME = LDS;
				TargetAttributes = {
					16FC51D42148A84200219255 = {
						CreatedOnToolsVersion = 9.4.1;
					};
					16FC51EF2148A84600219255 = {
						CreatedOnToolsVersion = 9.4.1;
						TestTargetID = 16FC51D42148A84200219255;
					};
				};
			};
			buildConfigurationList = 16FC51D02148A84200219255 /* Build configuration list for PBXProject "LoginModuleApp" */;
			compatibilityVersion = "Xcode 9.3";
			developmentRegion = en;
			hasScannedForEncodings = 0;
			knownRegions = (
				en,
				Base,
			);
			mainGroup = 16FC51CC2148A84200219255;
			productRefGroup = 16FC51D62148A84200219255 /* Products */;
			projectDirPath = "";
			projectRoot = "";
			targets = (
				16FC51D42148A84200219255 /* LoginModuleApp */,
				16FC51EF2148A84600219255 /* LoginModuleAppTests */,
			);
		};
/* End PBXProject section */

/* Begin PBXResourcesBuildPhase section */
		16FC51D32148A84200219255 /* Resources */ = {
			isa = PBXResourcesBuildPhase;
			buildActionMask = 2147483647;
			files = (
				16FC51E82148A84600219255 /* LaunchScreen.storyboard in Resources */,
				16C9F5E8216ADE8200332B1D /* GoogleSignIn.bundle in Resources */,
				16FC51E52148A84600219255 /* Assets.xcassets in Resources */,
				16FC51E02148A84200219255 /* Main.storyboard in Resources */,
				16941201215204FE00CA7EE0 /* SVProgressHUD.bundle in Resources */,
			);
			runOnlyForDeploymentPostprocessing = 0;
		};
		16FC51EE2148A84600219255 /* Resources */ = {
			isa = PBXResourcesBuildPhase;
			buildActionMask = 2147483647;
			files = (
			);
			runOnlyForDeploymentPostprocessing = 0;
		};
/* End PBXResourcesBuildPhase section */

/* Begin PBXSourcesBuildPhase section */
		16FC51D12148A84200219255 /* Sources */ = {
			isa = PBXSourcesBuildPhase;
			buildActionMask = 2147483647;
			files = (
				16FC51E32148A84200219255 /* LoginModuleApp.xcdatamodeld in Sources */,
				1617A68A216740D600D633E8 /* OAuthFacebook.m in Sources */,
				16C405A92255D5FB0026A77C /* OAuthBase.m in Sources */,
				16FC51DD2148A84200219255 /* LoginViewController.m in Sources */,
				16FC51EB2148A84600219255 /* main.m in Sources */,
				16CF0444214A3EC2007631B2 /* UserProfileViewController.m in Sources */,
				16B90FDD2165A10F004CC253 /* OAuthKakao.m in Sources */,
				169411F32151E12100CA7EE0 /* OAuthNaver.m in Sources */,
				169411F02151D1B600CA7EE0 /* MainViewController.m in Sources */,
				169412042152062F00CA7EE0 /* UIImage+GIF.m in Sources */,
				16FC51DA2148A84200219255 /* AppDelegate.m in Sources */,
				169411FF215204FE00CA7EE0 /* SVProgressHUD.m in Sources */,
				169411F72151EC2900CA7EE0 /* IndicatorView.m in Sources */,
				16941200215204FE00CA7EE0 /* SVIndefiniteAnimatedView.m in Sources */,
				16CF0441214A2DB5007631B2 /* OAuthManager.m in Sources */,
				16C9F5F3216AEE4600332B1D /* OAuthGoogle.m in Sources */,
			);
			runOnlyForDeploymentPostprocessing = 0;
		};
		16FC51EC2148A84600219255 /* Sources */ = {
			isa = PBXSourcesBuildPhase;
			buildActionMask = 2147483647;
			files = (
				16FC51F52148A84600219255 /* LoginModuleAppTests.m in Sources */,
			);
			runOnlyForDeploymentPostprocessing = 0;
		};
/* End PBXSourcesBuildPhase section */

/* Begin PBXTargetDependency section */
		16FC51F22148A84600219255 /* PBXTargetDependency */ = {
			isa = PBXTargetDependency;
			target = 16FC51D42148A84200219255 /* LoginModuleApp */;
			targetProxy = 16FC51F12148A84600219255 /* PBXContainerItemProxy */;
		};
/* End PBXTargetDependency section */

/* Begin PBXVariantGroup section */
		16FC51DE2148A84200219255 /* Main.storyboard */ = {
			isa = PBXVariantGroup;
			children = (
				16FC51DF2148A84200219255 /* Base */,
			);
			name = Main.storyboard;
			sourceTree = "<group>";
		};
		16FC51E62148A84600219255 /* LaunchScreen.storyboard */ = {
			isa = PBXVariantGroup;
			children = (
				16FC51E72148A84600219255 /* Base */,
			);
			name = LaunchScreen.storyboard;
			sourceTree = "<group>";
		};
/* End PBXVariantGroup section */

/* Begin XCBuildConfiguration section */
		16FC51F72148A84600219255 /* Debug */ = {
			isa = XCBuildConfiguration;
			buildSettings = {
				ALWAYS_SEARCH_USER_PATHS = NO;
				CLANG_ANALYZER_NONNULL = YES;
				CLANG_ANALYZER_NUMBER_OBJECT_CONVERSION = YES_AGGRESSIVE;
				CLANG_CXX_LANGUAGE_STANDARD = "gnu++14";
				CLANG_CXX_LIBRARY = "libc++";
				CLANG_ENABLE_MODULES = YES;
				CLANG_ENABLE_OBJC_ARC = YES;
				CLANG_ENABLE_OBJC_WEAK = YES;
				CLANG_WARN_BLOCK_CAPTURE_AUTORELEASING = YES;
				CLANG_WARN_BOOL_CONVERSION = YES;
				CLANG_WARN_COMMA = YES;
				CLANG_WARN_CONSTANT_CONVERSION = YES;
				CLANG_WARN_DEPRECATED_OBJC_IMPLEMENTATIONS = YES;
				CLANG_WARN_DIRECT_OBJC_ISA_USAGE = YES_ERROR;
				CLANG_WARN_DOCUMENTATION_COMMENTS = YES;
				CLANG_WARN_EMPTY_BODY = YES;
				CLANG_WARN_ENUM_CONVERSION = YES;
				CLANG_WARN_INFINITE_RECURSION = YES;
				CLANG_WARN_INT_CONVERSION = YES;
				CLANG_WARN_NON_LITERAL_NULL_CONVERSION = YES;
				CLANG_WARN_OBJC_IMPLICIT_RETAIN_SELF = YES;
				CLANG_WARN_OBJC_LITERAL_CONVERSION = YES;
				CLANG_WARN_OBJC_ROOT_CLASS = YES_ERROR;
				CLANG_WARN_RANGE_LOOP_ANALYSIS = YES;
				CLANG_WARN_STRICT_PROTOTYPES = YES;
				CLANG_WARN_SUSPICIOUS_MOVE = YES;
				CLANG_WARN_UNGUARDED_AVAILABILITY = YES_AGGRESSIVE;
				CLANG_WARN_UNREACHABLE_CODE = YES;
				CLANG_WARN__DUPLICATE_METHOD_MATCH = YES;
				CODE_SIGN_IDENTITY = "iPhone Developer";
				COPY_PHASE_STRIP = NO;
				DEBUG_INFORMATION_FORMAT = dwarf;
				ENABLE_STRICT_OBJC_MSGSEND = YES;
				ENABLE_TESTABILITY = YES;
				GCC_C_LANGUAGE_STANDARD = gnu11;
				GCC_DYNAMIC_NO_PIC = NO;
				GCC_NO_COMMON_BLOCKS = YES;
				GCC_OPTIMIZATION_LEVEL = 0;
				GCC_PREPROCESSOR_DEFINITIONS = (
					"DEBUG=1",
					"$(inherited)",
				);
				GCC_WARN_64_TO_32_BIT_CONVERSION = YES;
				GCC_WARN_ABOUT_RETURN_TYPE = YES_ERROR;
				GCC_WARN_UNDECLARED_SELECTOR = YES;
				GCC_WARN_UNINITIALIZED_AUTOS = YES_AGGRESSIVE;
				GCC_WARN_UNUSED_FUNCTION = YES;
				GCC_WARN_UNUSED_VARIABLE = YES;
				IPHONEOS_DEPLOYMENT_TARGET = 11.4;
				MTL_ENABLE_DEBUG_INFO = YES;
				ONLY_ACTIVE_ARCH = YES;
				SDKROOT = iphoneos;
			};
			name = Debug;
		};
		16FC51F82148A84600219255 /* Release */ = {
			isa = XCBuildConfiguration;
			buildSettings = {
				ALWAYS_SEARCH_USER_PATHS = NO;
				CLANG_ANALYZER_NONNULL = YES;
				CLANG_ANALYZER_NUMBER_OBJECT_CONVERSION = YES_AGGRESSIVE;
				CLANG_CXX_LANGUAGE_STANDARD = "gnu++14";
				CLANG_CXX_LIBRARY = "libc++";
				CLANG_ENABLE_MODULES = YES;
				CLANG_ENABLE_OBJC_ARC = YES;
				CLANG_ENABLE_OBJC_WEAK = YES;
				CLANG_WARN_BLOCK_CAPTURE_AUTORELEASING = YES;
				CLANG_WARN_BOOL_CONVERSION = YES;
				CLANG_WARN_COMMA = YES;
				CLANG_WARN_CONSTANT_CONVERSION = YES;
				CLANG_WARN_DEPRECATED_OBJC_IMPLEMENTATIONS = YES;
				CLANG_WARN_DIRECT_OBJC_ISA_USAGE = YES_ERROR;
				CLANG_WARN_DOCUMENTATION_COMMENTS = YES;
				CLANG_WARN_EMPTY_BODY = YES;
				CLANG_WARN_ENUM_CONVERSION = YES;
				CLANG_WARN_INFINITE_RECURSION = YES;
				CLANG_WARN_INT_CONVERSION = YES;
				CLANG_WARN_NON_LITERAL_NULL_CONVERSION = YES;
				CLANG_WARN_OBJC_IMPLICIT_RETAIN_SELF = YES;
				CLANG_WARN_OBJC_LITERAL_CONVERSION = YES;
				CLANG_WARN_OBJC_ROOT_CLASS = YES_ERROR;
				CLANG_WARN_RANGE_LOOP_ANALYSIS = YES;
				CLANG_WARN_STRICT_PROTOTYPES = YES;
				CLANG_WARN_SUSPICIOUS_MOVE = YES;
				CLANG_WARN_UNGUARDED_AVAILABILITY = YES_AGGRESSIVE;
				CLANG_WARN_UNREACHABLE_CODE = YES;
				CLANG_WARN__DUPLICATE_METHOD_MATCH = YES;
				CODE_SIGN_IDENTITY = "iPhone Developer";
				COPY_PHASE_STRIP = NO;
				DEBUG_INFORMATION_FORMAT = "dwarf-with-dsym";
				ENABLE_NS_ASSERTIONS = NO;
				ENABLE_STRICT_OBJC_MSGSEND = YES;
				GCC_C_LANGUAGE_STANDARD = gnu11;
				GCC_NO_COMMON_BLOCKS = YES;
				GCC_WARN_64_TO_32_BIT_CONVERSION = YES;
				GCC_WARN_ABOUT_RETURN_TYPE = YES_ERROR;
				GCC_WARN_UNDECLARED_SELECTOR = YES;
				GCC_WARN_UNINITIALIZED_AUTOS = YES_AGGRESSIVE;
				GCC_WARN_UNUSED_FUNCTION = YES;
				GCC_WARN_UNUSED_VARIABLE = YES;
				IPHONEOS_DEPLOYMENT_TARGET = 11.4;
				MTL_ENABLE_DEBUG_INFO = NO;
				SDKROOT = iphoneos;
				VALIDATE_PRODUCT = YES;
			};
			name = Release;
		};
		16FC51FA2148A84600219255 /* Debug */ = {
			isa = XCBuildConfiguration;
			buildSettings = {
				ASSETCATALOG_COMPILER_APPICON_NAME = AppIcon;
				CODE_SIGN_IDENTITY = "iPhone Developer";
				CODE_SIGN_STYLE = Automatic;
				DEVELOPMENT_TEAM = 299TQXJ7S5;
				FRAMEWORK_SEARCH_PATHS = (
					"$(inherited)",
					"$(PROJECT_DIR)/LoginModuleApp/Frameworks",
					"$(PROJECT_DIR)/LoginModuleApp/Libray",
					"$(PROJECT_DIR)",
				);
				INFOPLIST_FILE = "$(SRCROOT)/LoginModuleApp/Supporting Files/Info.plist";
				IPHONEOS_DEPLOYMENT_TARGET = 9.0;
				LD_RUNPATH_SEARCH_PATHS = (
					"$(inherited)",
					"@executable_path/Frameworks",
				);
				ONLY_ACTIVE_ARCH = YES;
				OTHER_LDFLAGS = (
					"$(OTHER_LDFLAGS)",
					"-ObjC",
					"-all_load",
				);
				PRODUCT_BUNDLE_IDENTIFIER = com.gaeasoft.loginoauthapp;
				PRODUCT_NAME = "$(TARGET_NAME)";
				PROVISIONING_PROFILE_SPECIFIER = "";
				TARGETED_DEVICE_FAMILY = "1,2";
			};
			name = Debug;
		};
		16FC51FB2148A84600219255 /* Release */ = {
			isa = XCBuildConfiguration;
			buildSettings = {
				ASSETCATALOG_COMPILER_APPICON_NAME = AppIcon;
				CODE_SIGN_IDENTITY = "iPhone Developer";
				CODE_SIGN_STYLE = Automatic;
				DEVELOPMENT_TEAM = 299TQXJ7S5;
				FRAMEWORK_SEARCH_PATHS = (
					"$(inherited)",
					"$(PROJECT_DIR)/LoginModuleApp/Frameworks",
					"$(PROJECT_DIR)/LoginModuleApp/Libray",
					"$(PROJECT_DIR)",
				);
				INFOPLIST_FILE = "$(SRCROOT)/LoginModuleApp/Supporting Files/Info.plist";
				IPHONEOS_DEPLOYMENT_TARGET = 9.0;
				LD_RUNPATH_SEARCH_PATHS = (
					"$(inherited)",
					"@executable_path/Frameworks",
				);
				ONLY_ACTIVE_ARCH = NO;
				OTHER_LDFLAGS = (
					"$(OTHER_LDFLAGS)",
					"-ObjC",
					"-all_load",
				);
				PRODUCT_BUNDLE_IDENTIFIER = com.gaeasoft.loginoauthapp;
				PRODUCT_NAME = "$(TARGET_NAME)";
				PROVISIONING_PROFILE_SPECIFIER = "";
				TARGETED_DEVICE_FAMILY = "1,2";
			};
			name = Release;
		};
		16FC51FD2148A84600219255 /* Debug */ = {
			isa = XCBuildConfiguration;
			buildSettings = {
				BUNDLE_LOADER = "$(TEST_HOST)";
				CODE_SIGN_STYLE = Automatic;
				DEVELOPMENT_TEAM = HGTF2W7X29;
				INFOPLIST_FILE = LoginModuleAppTests/Info.plist;
				LD_RUNPATH_SEARCH_PATHS = (
					"$(inherited)",
					"@executable_path/Frameworks",
					"@loader_path/Frameworks",
				);
				PRODUCT_BUNDLE_IDENTIFIER = com.lds.LoginModuleAppTests;
				PRODUCT_NAME = "$(TARGET_NAME)";
				TARGETED_DEVICE_FAMILY = "1,2";
				TEST_HOST = "$(BUILT_PRODUCTS_DIR)/LoginModuleApp.app/LoginModuleApp";
			};
			name = Debug;
		};
		16FC51FE2148A84600219255 /* Release */ = {
			isa = XCBuildConfiguration;
			buildSettings = {
				BUNDLE_LOADER = "$(TEST_HOST)";
				CODE_SIGN_STYLE = Automatic;
				DEVELOPMENT_TEAM = HGTF2W7X29;
				INFOPLIST_FILE = LoginModuleAppTests/Info.plist;
				LD_RUNPATH_SEARCH_PATHS = (
					"$(inherited)",
					"@executable_path/Frameworks",
					"@loader_path/Frameworks",
				);
				PRODUCT_BUNDLE_IDENTIFIER = com.lds.LoginModuleAppTests;
				PRODUCT_NAME = "$(TARGET_NAME)";
				TARGETED_DEVICE_FAMILY = "1,2";
				TEST_HOST = "$(BUILT_PRODUCTS_DIR)/LoginModuleApp.app/LoginModuleApp";
			};
			name = Release;
		};
/* End XCBuildConfiguration section */

/* Begin XCConfigurationList section */
		16FC51D02148A84200219255 /* Build configuration list for PBXProject "LoginModuleApp" */ = {
			isa = XCConfigurationList;
			buildConfigurations = (
				16FC51F72148A84600219255 /* Debug */,
				16FC51F82148A84600219255 /* Release */,
			);
			defaultConfigurationIsVisible = 0;
			defaultConfigurationName = Release;
		};
		16FC51F92148A84600219255 /* Build configuration list for PBXNativeTarget "LoginModuleApp" */ = {
			isa = XCConfigurationList;
			buildConfigurations = (
				16FC51FA2148A84600219255 /* Debug */,
				16FC51FB2148A84600219255 /* Release */,
			);
			defaultConfigurationIsVisible = 0;
			defaultConfigurationName = Release;
		};
		16FC51FC2148A84600219255 /* Build configuration list for PBXNativeTarget "LoginModuleAppTests" */ = {
			isa = XCConfigurationList;
			buildConfigurations = (
				16FC51FD2148A84600219255 /* Debug */,
				16FC51FE2148A84600219255 /* Release */,
			);
			defaultConfigurationIsVisible = 0;
			defaultConfigurationName = Release;
		};
/* End XCConfigurationList section */

/* Begin XCVersionGroup section */
		16FC51E12148A84200219255 /* LoginModuleApp.xcdatamodeld */ = {
			isa = XCVersionGroup;
			children = (
				16FC51E22148A84200219255 /* LoginModuleApp.xcdatamodel */,
			);
			currentVersion = 16FC51E22148A84200219255 /* LoginModuleApp.xcdatamodel */;
			path = LoginModuleApp.xcdatamodeld;
			sourceTree = "<group>";
			versionGroupType = wrapper.xcdatamodel;
		};
/* End XCVersionGroup section */
	};
	rootObject = 16FC51CD2148A84200219255 /* Project object */;
}
